
Microsoft Visual Studio Solution File, Format Version 12.00
# Visual Studio Version 16
VisualStudioVersion = 16.0.29806.167
MinimumVisualStudioVersion = 10.0.40219.1
Project("{8BC9CEB8-8B4A-11D0-8D11-00A0C91BC942}") = "PrimeNumbers", "PrimeNumbers.vcxproj", "{1658A6FD-DF73-4CBA-A6B2-90FF8E7AC385}"
EndProject
Project("{8BC9CEB8-8B4A-11D0-8D11-00A0C91BC942}") = "TestPrimeNumbers", "..\TestPrimeNumbers\TestPrimeNumbers.vcxproj", "{BF896587-5F88-44DF-9BA5-CE59D0A69EAE}"
EndProject
Global
	GlobalSection(SolutionConfigurationPlatforms) = preSolution
		Debug|x64 = Debug|x64
		Debug|x86 = Debug|x86
		Release|x64 = Release|x64
		Release|x86 = Release|x86
	EndGlobalSection
	GlobalSection(ProjectConfigurationPlatforms) = postSolution
		{1658A6FD-DF73-4CBA-A6B2-90FF8E7AC385}.Debug|x64.ActiveCfg = Debug|x64
		{1658A6FD-DF73-4CBA-A6B2-90FF8E7AC385}.Debug|x64.Build.0 = Debug|x64
		{1658A6FD-DF73-4CBA-A6B2-90FF8E7AC385}.Debug|x86.ActiveCfg = Debug|Win32
		{1658A6FD-DF73-4CBA-A6B2-90FF8E7AC385}.Debug|x86.Build.0 = Debug|Win32
		{1658A6FD-DF73-4CBA-A6B2-90FF8E7AC385}.Release|x64.ActiveCfg = Release|x64
		{1658A6FD-DF73-4CBA-A6B2-90FF8E7AC385}.Release|x64.Build.0 = Release|x64
		{1658A6FD-DF73-4CBA-A6B2-90FF8E7AC385}.Release|x86.ActiveCfg = Release|Win32
		{1658A6FD-DF73-4CBA-A6B2-90FF8E7AC385}.Release|x86.Build.0 = Release|Win32
		{BF896587-5F88-44DF-9BA5-CE59D0A69EAE}.Debug|x64.ActiveCfg = Debug|x64
		{BF896587-5F88-44DF-9BA5-CE59D0A69EAE}.Debug|x64.Build.0 = Debug|x64
		{BF896587-5F88-44DF-9BA5-CE59D0A69EAE}.Debug|x86.ActiveCfg = Debug|Win32
		{BF896587-5F88-44DF-9BA5-CE59D0A69EAE}.Debug|x86.Build.0 = Debug|Win32
		{BF896587-5F88-44DF-9BA5-CE59D0A69EAE}.Release|x64.ActiveCfg = Release|x64
		{BF896587-5F88-44DF-9BA5-CE59D0A69EAE}.Release|x64.Build.0 = Release|x64
		{BF896587-5F88-44DF-9BA5-CE59D0A69EAE}.Release|x86.ActiveCfg = Release|Win32
		{BF896587-5F88-44DF-9BA5-CE59D0A69EAE}.Release|x86.Build.0 = Release|Win32
	EndGlobalSection
	GlobalSection(SolutionProperties) = preSolution
		HideSolutionNode = FALSE
	EndGlobalSection
	GlobalSection(ExtensibilityGlobals) = postSolution
		SolutionGuid = {29D75B4C-36FB-452E-9D66-BF098EB0DE38}
	EndGlobalSection
EndGlobal
